// !$*UTF8*$!
{
	archiveVersion = 1;
	classes = {
	};
	objectVersion = 77;
	objects = {

/* Begin PBXContainerItemProxy section */
		22DCF1D52D415EFB001399A4 /* PBXContainerItemProxy */ = {
			isa = PBXContainerItemProxy;
			containerPortal = 22DCF1B62D415EF8001399A4 /* Project object */;
			proxyType = 1;
			remoteGlobalIDString = 22DCF1BD2D415EF8001399A4;
			remoteInfo = "Hello project";
		};
		22DCF1DF2D415EFB001399A4 /* PBXContainerItemProxy */ = {
			isa = PBXContainerItemProxy;
			containerPortal = 22DCF1B62D415EF8001399A4 /* Project object */;
			proxyType = 1;
			remoteGlobalIDString = 22DCF1BD2D415EF8001399A4;
			remoteInfo = "Hello project";
		};
/* End PBXContainerItemProxy section */

/* Begin PBXFileReference section */
		22DCF1BE2D415EF8001399A4 /* Hello project.app */ = {isa = PBXFileReference; explicitFileType = wrapper.application; includeInIndex = 0; path = "Hello project.app"; sourceTree = BUILT_PRODUCTS_DIR; };
		22DCF1D42D415EFB001399A4 /* Hello projectTests.xctest */ = {isa = PBXFileReference; explicitFileType = wrapper.cfbundle; includeInIndex = 0; path = "Hello projectTests.xctest"; sourceTree = BUILT_PRODUCTS_DIR; };
		22DCF1DE2D415EFB001399A4 /* Hello projectUITests.xctest */ = {isa = PBXFileReference; explicitFileType = wrapper.cfbundle; includeInIndex = 0; path = "Hello projectUITests.xctest"; sourceTree = BUILT_PRODUCTS_DIR; };
/* End PBXFileReference section */

/* Begin PBXFileSystemSynchronizedBuildFileExceptionSet section */
		22DCF1E62D415EFB001399A4 /* Exceptions for "Hello project" folder in "Hello project" target */ = {
			isa = PBXFileSystemSynchronizedBuildFileExceptionSet;
			membershipExceptions = (
				Info.plist,
			);
			target = 22DCF1BD2D415EF8001399A4 /* Hello project */;
		};
/* End PBXFileSystemSynchronizedBuildFileExceptionSet section */

/* Begin PBXFileSystemSynchronizedRootGroup section */
		22DCF1C02D415EF8001399A4 /* Hello project */ = {
			isa = PBXFileSystemSynchronizedRootGroup;
			exceptions = (
				22DCF1E62D415EFB001399A4 /* Exceptions for "Hello project" folder in "Hello project" target */,
			);
			path = "Hello project";
			sourceTree = "<group>";
		};
		22DCF1D72D415EFB001399A4 /* Hello projectTests */ = {
			isa = PBXFileSystemSynchronizedRootGroup;
			path = "Hello projectTests";
			sourceTree = "<group>";
		};
		22DCF1E12D415EFB001399A4 /* Hello projectUITests */ = {
			isa = PBXFileSystemSynchronizedRootGroup;
			path = "Hello projectUITests";
			sourceTree = "<group>";
		};
/* End PBXFileSystemSynchronizedRootGroup section */

/* Begin PBXFrameworksBuildPhase section */
		22DCF1BB2D415EF8001399A4 /* Frameworks */ = {
			isa = PBXFrameworksBuildPhase;
			buildActionMask = 2147483647;
			files = (
			);
			runOnlyForDeploymentPostprocessing = 0;
		};
		22DCF1D12D415EFB001399A4 /* Frameworks */ = {
			isa = PBXFrameworksBuildPhase;
			buildActionMask = 2147483647;
			files = (
			);
			runOnlyForDeploymentPostprocessing = 0;
		};
		22DCF1DB2D415EFB001399A4 /* Frameworks */ = {
			isa = PBXFrameworksBuildPhase;
			buildActionMask = 2147483647;
			files = (
			);
			runOnlyForDeploymentPostprocessing = 0;
		};
/* End PBXFrameworksBuildPhase section */

/* Begin PBXGroup section */
		22DCF1B52D415EF8001399A4 = {
			isa = PBXGroup;
			children = (
				22DCF1C02D415EF8001399A4 /* Hello project */,
				22DCF1D72D415EFB001399A4 /* Hello projectTests */,
				22DCF1E12D415EFB001399A4 /* Hello projectUITests */,
				22DCF1BF2D415EF8001399A4 /* Products */,
			);
			sourceTree = "<group>";
		};
		22DCF1BF2D415EF8001399A4 /* Products */ = {
			isa = PBXGroup;
			children = (
				22DCF1BE2D415EF8001399A4 /* Hello project.app */,
				22DCF1D42D415EFB001399A4 /* Hello projectTests.xctest */,
				22DCF1DE2D415EFB001399A4 /* Hello projectUITests.xctest */,
			);
			name = Products;
			sourceTree = "<group>";
		};
/* End PBXGroup section */

/* Begin PBXNativeTarget section */
		22DCF1BD2D415EF8001399A4 /* Hello project */ = {
			isa = PBXNativeTarget;
			buildConfigurationList = 22DCF1E72D415EFB001399A4 /* Build configuration list for PBXNativeTarget "Hello project" */;
			buildPhases = (
				22DCF1BA2D415EF8001399A4 /* Sources */,
				22DCF1BB2D415EF8001399A4 /* Frameworks */,
				22DCF1BC2D415EF8001399A4 /* Resources */,
			);
			buildRules = (
			);
			dependencies = (
			);
			fileSystemSynchronizedGroups = (
				22DCF1C02D415EF8001399A4 /* Hello project */,
			);
			name = "Hello project";
			packageProductDependencies = (
			);
			productName = "Hello project";
			productReference = 22DCF1BE2D415EF8001399A4 /* Hello project.app */;
			productType = "com.apple.product-type.application";
		};
		22DCF1D32D415EFB001399A4 /* Hello projectTests */ = {
			isa = PBXNativeTarget;
			buildConfigurationList = 22DCF1EC2D415EFB001399A4 /* Build configuration list for PBXNativeTarget "Hello projectTests" */;
			buildPhases = (
				22DCF1D02D415EFB001399A4 /* Sources */,
				22DCF1D12D415EFB001399A4 /* Frameworks */,
				22DCF1D22D415EFB001399A4 /* Resources */,
			);
			buildRules = (
			);
			dependencies = (
				22DCF1D62D415EFB001399A4 /* PBXTargetDependency */,
			);
			fileSystemSynchronizedGroups = (
				22DCF1D72D415EFB001399A4 /* Hello projectTests */,
			);
			name = "Hello projectTests";
			packageProductDependencies = (
			);
			productName = "Hello projectTests";
			productReference = 22DCF1D42D415EFB001399A4 /* Hello projectTests.xctest */;
			productType = "com.apple.product-type.bundle.unit-test";
		};
		22DCF1DD2D415EFB001399A4 /* Hello projectUITests */ = {
			isa = PBXNativeTarget;
			buildConfigurationList = 22DCF1EF2D415EFB001399A4 /* Build configuration list for PBXNativeTarget "Hello projectUITests" */;
			buildPhases = (
				22DCF1DA2D415EFB001399A4 /* Sources */,
				22DCF1DB2D415EFB001399A4 /* Frameworks */,
				22DCF1DC2D415EFB001399A4 /* Resources */,
			);
			buildRules = (
			);
			dependencies = (
				22DCF1E02D415EFB001399A4 /* PBXTargetDependency */,
			);
			fileSystemSynchronizedGroups = (
				22DCF1E12D415EFB001399A4 /* Hello projectUITests */,
			);
			name = "Hello projectUITests";
			packageProductDependencies = (
			);
			productName = "Hello projectUITests";
			productReference = 22DCF1DE2D415EFB001399A4 /* Hello projectUITests.xctest */;
			productType = "com.apple.product-type.bundle.ui-testing";
		};
/* End PBXNativeTarget section */

/* Begin PBXProject section */
		22DCF1B62D415EF8001399A4 /* Project object */ = {
			isa = PBXProject;
			attributes = {
				BuildIndependentTargetsInParallel = 1;
				LastSwiftUpdateCheck = 1620;
				LastUpgradeCheck = 1620;
				TargetAttributes = {
					22DCF1BD2D415EF8001399A4 = {
						CreatedOnToolsVersion = 16.2;
					};
					22DCF1D32D415EFB001399A4 = {
						CreatedOnToolsVersion = 16.2;
						TestTargetID = 22DCF1BD2D415EF8001399A4;
					};
					22DCF1DD2D415EFB001399A4 = {
						CreatedOnToolsVersion = 16.2;
						TestTargetID = 22DCF1BD2D415EF8001399A4;
					};
				};
			};
			buildConfigurationList = 22DCF1B92D415EF8001399A4 /* Build configuration list for PBXProject "Hello project" */;
			developmentRegion = en;
			hasScannedForEncodings = 0;
			knownRegions = (
				en,
				Base,
			);
			mainGroup = 22DCF1B52D415EF8001399A4;
			minimizedProjectReferenceProxies = 1;
			preferredProjectObjectVersion = 77;
			productRefGroup = 22DCF1BF2D415EF8001399A4 /* Products */;
			projectDirPath = "";
			projectRoot = "";
			targets = (
				22DCF1BD2D415EF8001399A4 /* Hello project */,
				22DCF1D32D415EFB001399A4 /* Hello projectTests */,
				22DCF1DD2D415EFB001399A4 /* Hello projectUITests */,
			);
		};
/* End PBXProject section */

/* Begin PBXResourcesBuildPhase section */
		22DCF1BC2D415EF8001399A4 /* Resources */ = {
			isa = PBXResourcesBuildPhase;
			buildActionMask = 2147483647;
			files = (
			);
			runOnlyForDeploymentPostprocessing = 0;
		};
		22DCF1D22D415EFB001399A4 /* Resources */ = {
			isa = PBXResourcesBuildPhase;
			buildActionMask = 2147483647;
			files = (
			);
			runOnlyForDeploymentPostprocessing = 0;
		};
		22DCF1DC2D415EFB001399A4 /* Resources */ = {
			isa = PBXResourcesBuildPhase;
			buildActionMask = 2147483647;
			files = (
			);
			runOnlyForDeploymentPostprocessing = 0;
		};
/* End PBXResourcesBuildPhase section */

/* Begin PBXSourcesBuildPhase section */
		22DCF1BA2D415EF8001399A4 /* Sources */ = {
			isa = PBXSourcesBuildPhase;
			buildActionMask = 2147483647;
			files = (
			);
			runOnlyForDeploymentPostprocessing = 0;
		};
		22DCF1D02D415EFB001399A4 /* Sources */ = {
			isa = PBXSourcesBuildPhase;
			buildActionMask = 2147483647;
			files = (
			);
			runOnlyForDeploymentPostprocessing = 0;
		};
		22DCF1DA2D415EFB001399A4 /* Sources */ = {
			isa = PBXSourcesBuildPhase;
			buildActionMask = 2147483647;
			files = (
			);
			runOnlyForDeploymentPostprocessing = 0;
		};
/* End PBXSourcesBuildPhase section */

/* Begin PBXTargetDependency section */
		22DCF1D62D415EFB001399A4 /* PBXTargetDependency */ = {
			isa = PBXTargetDependency;
			target = 22DCF1BD2D415EF8001399A4 /* Hello project */;
			targetProxy = 22DCF1D52D415EFB001399A4 /* PBXContainerItemProxy */;
		};
		22DCF1E02D415EFB001399A4 /* PBXTargetDependency */ = {
			isa = PBXTargetDependency;
			target = 22DCF1BD2D415EF8001399A4 /* Hello project */;
			targetProxy = 22DCF1DF2D415EFB001399A4 /* PBXContainerItemProxy */;
		};
/* End PBXTargetDependency section */

/* Begin XCBuildConfiguration section */
		22DCF1E82D415EFB001399A4 /* Debug */ = {
			isa = XCBuildConfiguration;
			buildSettings = {
				ASSETCATALOG_COMPILER_APPICON_NAME = AppIcon;
				ASSETCATALOG_COMPILER_GLOBAL_ACCENT_COLOR_NAME = AccentColor;
				CODE_SIGN_STYLE = Automatic;
				CURRENT_PROJECT_VERSION = 1;
				GENERATE_INFOPLIST_FILE = YES;
				INFOPLIST_FILE = "Hello project/Info.plist";
				INFOPLIST_KEY_UIApplicationSupportsIndirectInputEvents = YES;
				INFOPLIST_KEY_UILaunchStoryboardName = LaunchScreen;
				INFOPLIST_KEY_UIMainStoryboardFile = Main;
				INFOPLIST_KEY_UISupportedInterfaceOrientations_iPad = "UIInterfaceOrientationPortrait UIInterfaceOrientationPortraitUpsideDown UIInterfaceOrientationLandscapeLeft UIInterfaceOrientationLandscapeRight";
				INFOPLIST_KEY_UISupportedInterfaceOrientations_iPhone = "UIInterfaceOrientationPortrait UIInterfaceOrientationLandscapeLeft UIInterfaceOrientationLandscapeRight";
				LD_RUNPATH_SEARCH_PATHS = (
					"$(inherited)",
					"@executable_path/Frameworks",
				);
				MARKETING_VERSION = 1.0;
				PRODUCT_BUNDLE_IDENTIFIER = "project.Hello-project";
				PRODUCT_NAME = "$(TARGET_NAME)";
				SWIFT_EMIT_LOC_STRINGS = YES;
				SWIFT_VERSION = 5.0;
				TARGETED_DEVICE_FAMILY = "1,2";
			};
			name = Debug;
		};
		22DCF1E92D415EFB001399A4 /* Release */ = {
			isa = XCBuildConfiguration;
			buildSettings = {
				ASSETCATALOG_COMPILER_APPICON_NAME = AppIcon;
				ASSETCATALOG_COMPILER_GLOBAL_ACCENT_COLOR_NAME = AccentColor;
				CODE_SIGN_STYLE = Automatic;
				CURRENT_PROJECT_VERSION = 1;
				GENERATE_INFOPLIST_FILE = YES;
				INFOPLIST_FILE = "Hello project/Info.plist";
				INFOPLIST_KEY_UIApplicationSupportsIndirectInputEvents = YES;
				INFOPLIST_KEY_UILaunchStoryboardName = LaunchScreen;
				INFOPLIST_KEY_UIMainStoryboardFile = Main;
				INFOPLIST_KEY_UISupportedInterfaceOrientations_iPad = "UIInterfaceOrientationPortrait UIInterfaceOrientationPortraitUpsideDown UIInterfaceOrientationLandscapeLeft UIInterfaceOrientationLandscapeRight";
				INFOPLIST_KEY_UISupportedInterfaceOrientations_iPhone = "UIInterfaceOrientationPortrait UIInterfaceOrientationLandscapeLeft UIInterfaceOrientationLandscapeRight";
				LD_RUNPATH_SEARCH_PATHS = (
					"$(inherited)",
					"@executable_path/Frameworks",
				);
				MARKETING_VERSION = 1.0;
				PRODUCT_BUNDLE_IDENTIFIER = "project.Hello-project";
				PRODUCT_NAME = "$(TARGET_NAME)";
				SWIFT_EMIT_LOC_STRINGS = YES;
				SWIFT_VERSION = 5.0;
				TARGETED_DEVICE_FAMILY = "1,2";
			};
			name = Release;
		};
		22DCF1EA2D415EFB001399A4 /* Debug */ = {
			isa = XCBuildConfiguration;
			buildSettings = {
				ALWAYS_SEARCH_USER_PATHS = NO;
				ASSETCATALOG_COMPILER_GENERATE_SWIFT_ASSET_SYMBOL_EXTENSIONS = YES;
				CLANG_ANALYZER_NONNULL = YES;
				CLANG_ANALYZER_NUMBER_OBJECT_CONVERSION = YES_AGGRESSIVE;
				CLANG_CXX_LANGUAGE_STANDARD = "gnu++20";
				CLANG_ENABLE_MODULES = YES;
				CLANG_ENABLE_OBJC_ARC = YES;
				CLANG_ENABLE_OBJC_WEAK = YES;
				CLANG_WARN_BLOCK_CAPTURE_AUTORELEASING = YES;
				CLANG_WARN_BOOL_CONVERSION = YES;
				CLANG_WARN_COMMA = YES;
				CLANG_WARN_CONSTANT_CONVERSION = YES;
				CLANG_WARN_DEPRECATED_OBJC_IMPLEMENTATIONS = YES;
				CLANG_WARN_DIRECT_OBJC_ISA_USAGE = YES_ERROR;
				CLANG_WARN_DOCUMENTATION_COMMENTS = YES;
				CLANG_WARN_EMPTY_BODY = YES;
				CLANG_WARN_ENUM_CONVERSION = YES;
				CLANG_WARN_INFINITE_RECURSION = YES;
				CLANG_WARN_INT_CONVERSION = YES;
				CLANG_WARN_NON_LITERAL_NULL_CONVERSION = YES;
				CLANG_WARN_OBJC_IMPLICIT_RETAIN_SELF = YES;
				CLANG_WARN_OBJC_LITERAL_CONVERSION = YES;
				CLANG_WARN_OBJC_ROOT_CLASS = YES_ERROR;
				CLANG_WARN_QUOTED_INCLUDE_IN_FRAMEWORK_HEADER = YES;
				CLANG_WARN_RANGE_LOOP_ANALYSIS = YES;
				CLANG_WARN_STRICT_PROTOTYPES = YES;
				CLANG_WARN_SUSPICIOUS_MOVE = YES;
				CLANG_WARN_UNGUARDED_AVAILABILITY = YES_AGGRESSIVE;
				CLANG_WARN_UNREACHABLE_CODE = YES;
				CLANG_WARN__DUPLICATE_METHOD_MATCH = YES;
				COPY_PHASE_STRIP = NO;
				DEBUG_INFORMATION_FORMAT = dwarf;
				ENABLE_STRICT_OBJC_MSGSEND = YES;
				ENABLE_TESTABILITY = YES;
				ENABLE_USER_SCRIPT_SANDBOXING = YES;
				GCC_C_LANGUAGE_STANDARD = gnu17;
				GCC_DYNAMIC_NO_PIC = NO;
				GCC_NO_COMMON_BLOCKS = YES;
				GCC_OPTIMIZATION_LEVEL = 0;
				GCC_PREPROCESSOR_DEFINITIONS = (
					"DEBUG=1",
					"$(inherited)",
				);
				GCC_WARN_64_TO_32_BIT_CONVERSION = YES;
				GCC_WARN_ABOUT_RETURN_TYPE = YES_ERROR;
				GCC_WARN_UNDECLARED_SELECTOR = YES;
				GCC_WARN_UNINITIALIZED_AUTOS = YES_AGGRESSIVE;
				GCC_WARN_UNUSED_FUNCTION = YES;
				GCC_WARN_UNUSED_VARIABLE = YES;
				IPHONEOS_DEPLOYMENT_TARGET = 18.2;
				LOCALIZATION_PREFERS_STRING_CATALOGS = YES;
				MTL_ENABLE_DEBUG_INFO = INCLUDE_SOURCE;
				MTL_FAST_MATH = YES;
				ONLY_ACTIVE_ARCH = YES;
				SDKROOT = iphoneos;
				SWIFT_ACTIVE_COMPILATION_CONDITIONS = "DEBUG $(inherited)";
				SWIFT_OPTIMIZATION_LEVEL = "-Onone";
			};
			name = Debug;
		};
		22DCF1EB2D415EFB001399A4 /* Release */ = {
			isa = XCBuildConfiguration;
			buildSettings = {
				ALWAYS_SEARCH_USER_PATHS = NO;
				ASSETCATALOG_COMPILER_GENERATE_SWIFT_ASSET_SYMBOL_EXTENSIONS = YES;
				CLANG_ANALYZER_NONNULL = YES;
				CLANG_ANALYZER_NUMBER_OBJECT_CONVERSION = YES_AGGRESSIVE;
				CLANG_CXX_LANGUAGE_STANDARD = "gnu++20";
				CLANG_ENABLE_MODULES = YES;
				CLANG_ENABLE_OBJC_ARC = YES;
				CLANG_ENABLE_OBJC_WEAK = YES;
				CLANG_WARN_BLOCK_CAPTURE_AUTORELEASING = YES;
				CLANG_WARN_BOOL_CONVERSION = YES;
				CLANG_WARN_COMMA = YES;
				CLANG_WARN_CONSTANT_CONVERSION = YES;
				CLANG_WARN_DEPRECATED_OBJC_IMPLEMENTATIONS = YES;
				CLANG_WARN_DIRECT_OBJC_ISA_USAGE = YES_ERROR;
				CLANG_WARN_DOCUMENTATION_COMMENTS = YES;
				CLANG_WARN_EMPTY_BODY = YES;
				CLANG_WARN_ENUM_CONVERSION = YES;
				CLANG_WARN_INFINITE_RECURSION = YES;
				CLANG_WARN_INT_CONVERSION = YES;
				CLANG_WARN_NON_LITERAL_NULL_CONVERSION = YES;
				CLANG_WARN_OBJC_IMPLICIT_RETAIN_SELF = YES;
				CLANG_WARN_OBJC_LITERAL_CONVERSION = YES;
				CLANG_WARN_OBJC_ROOT_CLASS = YES_ERROR;
				CLANG_WARN_QUOTED_INCLUDE_IN_FRAMEWORK_HEADER = YES;
				CLANG_WARN_RANGE_LOOP_ANALYSIS = YES;
				CLANG_WARN_STRICT_PROTOTYPES = YES;
				CLANG_WARN_SUSPICIOUS_MOVE = YES;
				CLANG_WARN_UNGUARDED_AVAILABILITY = YES_AGGRESSIVE;
				CLANG_WARN_UNREACHABLE_CODE = YES;
				CLANG_WARN__DUPLICATE_METHOD_MATCH = YES;
				COPY_PHASE_STRIP = NO;
				DEBUG_INFORMATION_FORMAT = "dwarf-with-dsym";
				ENABLE_NS_ASSERTIONS = NO;
				ENABLE_STRICT_OBJC_MSGSEND = YES;
				ENABLE_USER_SCRIPT_SANDBOXING = YES;
				GCC_C_LANGUAGE_STANDARD = gnu17;
				GCC_NO_COMMON_BLOCKS = YES;
				GCC_WARN_64_TO_32_BIT_CONVERSION = YES;
				GCC_WARN_ABOUT_RETURN_TYPE = YES_ERROR;
				GCC_WARN_UNDECLARED_SELECTOR = YES;
				GCC_WARN_UNINITIALIZED_AUTOS = YES_AGGRESSIVE;
				GCC_WARN_UNUSED_FUNCTION = YES;
				GCC_WARN_UNUSED_VARIABLE = YES;
				IPHONEOS_DEPLOYMENT_TARGET = 18.2;
				LOCALIZATION_PREFERS_STRING_CATALOGS = YES;
				MTL_ENABLE_DEBUG_INFO = NO;
				MTL_FAST_MATH = YES;
				SDKROOT = iphoneos;
				SWIFT_COMPILATION_MODE = wholemodule;
				VALIDATE_PRODUCT = YES;
			};
			name = Release;
		};
		22DCF1ED2D415EFB001399A4 /* Debug */ = {
			isa = XCBuildConfiguration;
			buildSettings = {
				BUNDLE_LOADER = "$(TEST_HOST)";
				CODE_SIGN_STYLE = Automatic;
				CURRENT_PROJECT_VERSION = 1;
				GENERATE_INFOPLIST_FILE = YES;
				IPHONEOS_DEPLOYMENT_TARGET = 18.2;
				MARKETING_VERSION = 1.0;
				PRODUCT_BUNDLE_IDENTIFIER = "project.Hello-projectTests";
				PRODUCT_NAME = "$(TARGET_NAME)";
				SWIFT_EMIT_LOC_STRINGS = NO;
				SWIFT_VERSION = 5.0;
				TARGETED_DEVICE_FAMILY = "1,2";
				TEST_HOST = "$(BUILT_PRODUCTS_DIR)/Hello project.app/$(BUNDLE_EXECUTABLE_FOLDER_PATH)/Hello project";
			};
			name = Debug;
		};
		22DCF1EE2D415EFB001399A4 /* Release */ = {
			isa = XCBuildConfiguration;
			buildSettings = {
				BUNDLE_LOADER = "$(TEST_HOST)";
				CODE_SIGN_STYLE = Automatic;
				CURRENT_PROJECT_VERSION = 1;
				GENERATE_INFOPLIST_FILE = YES;
				IPHONEOS_DEPLOYMENT_TARGET = 18.2;
				MARKETING_VERSION = 1.0;
				PRODUCT_BUNDLE_IDENTIFIER = "project.Hello-projectTests";
				PRODUCT_NAME = "$(TARGET_NAME)";
				SWIFT_EMIT_LOC_STRINGS = NO;
				SWIFT_VERSION = 5.0;
				TARGETED_DEVICE_FAMILY = "1,2";
				TEST_HOST = "$(BUILT_PRODUCTS_DIR)/Hello project.app/$(BUNDLE_EXECUTABLE_FOLDER_PATH)/Hello project";
			};
			name = Release;
		};
		22DCF1F02D415EFB001399A4 /* Debug */ = {
			isa = XCBuildConfiguration;
			buildSettings = {
				CODE_SIGN_STYLE = Automatic;
				CURRENT_PROJECT_VERSION = 1;
				GENERATE_INFOPLIST_FILE = YES;
				MARKETING_VERSION = 1.0;
				PRODUCT_BUNDLE_IDENTIFIER = "project.Hello-projectUITests";
				PRODUCT_NAME = "$(TARGET_NAME)";
				SWIFT_EMIT_LOC_STRINGS = NO;
				SWIFT_VERSION = 5.0;
				TARGETED_DEVICE_FAMILY = "1,2";
				TEST_TARGET_NAME = "Hello project";
			};
			name = Debug;
		};
		22DCF1F12D415EFB001399A4 /* Release */ = {
			isa = XCBuildConfiguration;
			buildSettings = {
				CODE_SIGN_STYLE = Automatic;
				CURRENT_PROJECT_VERSION = 1;
				GENERATE_INFOPLIST_FILE = YES;
				MARKETING_VERSION = 1.0;
				PRODUCT_BUNDLE_IDENTIFIER = "project.Hello-projectUITests";
				PRODUCT_NAME = "$(TARGET_NAME)";
				SWIFT_EMIT_LOC_STRINGS = NO;
				SWIFT_VERSION = 5.0;
				TARGETED_DEVICE_FAMILY = "1,2";
				TEST_TARGET_NAME = "Hello project";
			};
			name = Release;
		};
/* End XCBuildConfiguration section */

/* Begin XCConfigurationList section */
		22DCF1B92D415EF8001399A4 /* Build configuration list for PBXProject "Hello project" */ = {
			isa = XCConfigurationList;
			buildConfigurations = (
				22DCF1EA2D415EFB001399A4 /* Debug */,
				22DCF1EB2D415EFB001399A4 /* Release */,
			);
			defaultConfigurationIsVisible = 0;
			defaultConfigurationName = Release;
		};
		22DCF1E72D415EFB001399A4 /* Build configuration list for PBXNativeTarget "Hello project" */ = {
			isa = XCConfigurationList;
			buildConfigurations = (
				22DCF1E82D415EFB001399A4 /* Debug */,
				22DCF1E92D415EFB001399A4 /* Release */,
			);
			defaultConfigurationIsVisible = 0;
			defaultConfigurationName = Release;
		};
		22DCF1EC2D415EFB001399A4 /* Build configuration list for PBXNativeTarget "Hello projectTests" */ = {
			isa = XCConfigurationList;
			buildConfigurations = (
				22DCF1ED2D415EFB001399A4 /* Debug */,
				22DCF1EE2D415EFB001399A4 /* Release */,
			);
			defaultConfigurationIsVisible = 0;
			defaultConfigurationName = Release;
		};
		22DCF1EF2D415EFB001399A4 /* Build configuration list for PBXNativeTarget "Hello projectUITests" */ = {
			isa = XCConfigurationList;
			buildConfigurations = (
				22DCF1F02D415EFB001399A4 /* Debug */,
				22DCF1F12D415EFB001399A4 /* Release */,
			);
			defaultConfigurationIsVisible = 0;
			defaultConfigurationName = Release;
		};
/* End XCConfigurationList section */
	};
	rootObject = 22DCF1B62D415EF8001399A4 /* Project object */;
}
