// !$*UTF8*$!
{
	archiveVersion = 1;
	classes = {
	};
	objectVersion = 56;
	objects = {

/* Begin PBXBuildFile section */
		0ADE39542C136A700045ACFF /* ST18CoreDataDebugDebuggingCoreDataApp.swift in Sources */ = {isa = PBXBuildFile; fileRef = 0ADE39532C136A700045ACFF /* ST18CoreDataDebugDebuggingCoreDataApp.swift */; };
		0ADE39562C136A700045ACFF /* ContentView.swift in Sources */ = {isa = PBXBuildFile; fileRef = 0ADE39552C136A700045ACFF /* ContentView.swift */; };
		0ADE39582C136A720045ACFF /* Assets.xcassets in Resources */ = {isa = PBXBuildFile; fileRef = 0ADE39572C136A720045ACFF /* Assets.xcassets */; };
		0ADE395B2C136A720045ACFF /* Preview Assets.xcassets in Resources */ = {isa = PBXBuildFile; fileRef = 0ADE395A2C136A720045ACFF /* Preview Assets.xcassets */; };
		0ADE395D2C136A720045ACFF /* Persistence.swift in Sources */ = {isa = PBXBuildFile; fileRef = 0ADE395C2C136A720045ACFF /* Persistence.swift */; };
		0ADE39602C136A720045ACFF /* CoreData.xcdatamodeld in Sources */ = {isa = PBXBuildFile; fileRef = 0ADE395E2C136A720045ACFF /* CoreData.xcdatamodeld */; };
		0ADE39672C136DA40045ACFF /* ChickenNames.swift in Sources */ = {isa = PBXBuildFile; fileRef = 0ADE39662C136DA40045ACFF /* ChickenNames.swift */; };
/* End PBXBuildFile section */

/* Begin PBXFileReference section */
		0ADE39502C136A700045ACFF /* ST18 - 'CoreData Debug' - Debugging, CoreData.app */ = {isa = PBXFileReference; explicitFileType = wrapper.application; includeInIndex = 0; path = "ST18 - 'CoreData Debug' - Debugging, CoreData.app"; sourceTree = BUILT_PRODUCTS_DIR; };
		0ADE39532C136A700045ACFF /* ST18CoreDataDebugDebuggingCoreDataApp.swift */ = {isa = PBXFileReference; lastKnownFileType = sourcecode.swift; path = ST18CoreDataDebugDebuggingCoreDataApp.swift; sourceTree = "<group>"; };
		0ADE39552C136A700045ACFF /* ContentView.swift */ = {isa = PBXFileReference; lastKnownFileType = sourcecode.swift; path = ContentView.swift; sourceTree = "<group>"; };
		0ADE39572C136A720045ACFF /* Assets.xcassets */ = {isa = PBXFileReference; lastKnownFileType = folder.assetcatalog; path = Assets.xcassets; sourceTree = "<group>"; };
		0ADE395A2C136A720045ACFF /* Preview Assets.xcassets */ = {isa = PBXFileReference; lastKnownFileType = folder.assetcatalog; path = "Preview Assets.xcassets"; sourceTree = "<group>"; };
		0ADE395C2C136A720045ACFF /* Persistence.swift */ = {isa = PBXFileReference; lastKnownFileType = sourcecode.swift; path = Persistence.swift; sourceTree = "<group>"; };
		0ADE395F2C136A720045ACFF /* ST18____CoreData_Debug____Debugging__CoreData.xcdatamodel */ = {isa = PBXFileReference; lastKnownFileType = wrapper.xcdatamodel; path = "ST18____CoreData_Debug____Debugging__CoreData.xcdatamodel"; sourceTree = "<group>"; };
		0ADE39662C136DA40045ACFF /* ChickenNames.swift */ = {isa = PBXFileReference; lastKnownFileType = sourcecode.swift; path = ChickenNames.swift; sourceTree = "<group>"; };
/* End PBXFileReference section */

/* Begin PBXFrameworksBuildPhase section */
		0ADE394D2C136A700045ACFF /* Frameworks */ = {
			isa = PBXFrameworksBuildPhase;
			buildActionMask = 2147483647;
			files = (
			);
			runOnlyForDeploymentPostprocessing = 0;
		};
/* End PBXFrameworksBuildPhase section */

/* Begin PBXGroup section */
		0ADE39472C136A700045ACFF = {
			isa = PBXGroup;
			children = (
				0ADE39522C136A700045ACFF /* ST18 - 'CoreData Debug' - Debugging, CoreData */,
				0ADE39512C136A700045ACFF /* Products */,
			);
			sourceTree = "<group>";
		};
		0ADE39512C136A700045ACFF /* Products */ = {
			isa = PBXGroup;
			children = (
				0ADE39502C136A700045ACFF /* ST18 - 'CoreData Debug' - Debugging, CoreData.app */,
			);
			name = Products;
			sourceTree = "<group>";
		};
		0ADE39522C136A700045ACFF /* ST18 - 'CoreData Debug' - Debugging, CoreData */ = {
			isa = PBXGroup;
			children = (
				0ADE39532C136A700045ACFF /* ST18CoreDataDebugDebuggingCoreDataApp.swift */,
				0ADE39552C136A700045ACFF /* ContentView.swift */,
				0ADE39662C136DA40045ACFF /* ChickenNames.swift */,
				0ADE39572C136A720045ACFF /* Assets.xcassets */,
				0ADE395C2C136A720045ACFF /* Persistence.swift */,
				0ADE395E2C136A720045ACFF /* CoreData.xcdatamodeld */,
				0ADE39592C136A720045ACFF /* Preview Content */,
			);
			path = "ST18 - 'CoreData Debug' - Debugging, CoreData";
			sourceTree = "<group>";
		};
		0ADE39592C136A720045ACFF /* Preview Content */ = {
			isa = PBXGroup;
			children = (
				0ADE395A2C136A720045ACFF /* Preview Assets.xcassets */,
			);
			path = "Preview Content";
			sourceTree = "<group>";
		};
/* End PBXGroup section */

/* Begin PBXNativeTarget section */
		0ADE394F2C136A700045ACFF /* ST18 - 'CoreData Debug' - Debugging, CoreData */ = {
			isa = PBXNativeTarget;
			buildConfigurationList = 0ADE39632C136A720045ACFF /* Build configuration list for PBXNativeTarget "ST18 - 'CoreData Debug' - Debugging, CoreData" */;
			buildPhases = (
				0ADE394C2C136A700045ACFF /* Sources */,
				0ADE394D2C136A700045ACFF /* Frameworks */,
				0ADE394E2C136A700045ACFF /* Resources */,
			);
			buildRules = (
			);
			dependencies = (
			);
			name = "ST18 - 'CoreData Debug' - Debugging, CoreData";
			productName = "ST18 - 'CoreData Debug' - Debugging, CoreData";
			productReference = 0ADE39502C136A700045ACFF /* ST18 - 'CoreData Debug' - Debugging, CoreData.app */;
			productType = "com.apple.product-type.application";
		};
/* End PBXNativeTarget section */

/* Begin PBXProject section */
		0ADE39482C136A700045ACFF /* Project object */ = {
			isa = PBXProject;
			attributes = {
				BuildIndependentTargetsInParallel = 1;
				LastSwiftUpdateCheck = 1540;
				LastUpgradeCheck = 1540;
				TargetAttributes = {
					0ADE394F2C136A700045ACFF = {
						CreatedOnToolsVersion = 15.4;
					};
				};
			};
			buildConfigurationList = 0ADE394B2C136A700045ACFF /* Build configuration list for PBXProject "ST18 - 'CoreData Debug' - Debugging, CoreData" */;
			compatibilityVersion = "Xcode 14.0";
			developmentRegion = en;
			hasScannedForEncodings = 0;
			knownRegions = (
				en,
				Base,
			);
			mainGroup = 0ADE39472C136A700045ACFF;
			productRefGroup = 0ADE39512C136A700045ACFF /* Products */;
			projectDirPath = "";
			projectRoot = "";
			targets = (
				0ADE394F2C136A700045ACFF /* ST18 - 'CoreData Debug' - Debugging, CoreData */,
			);
		};
/* End PBXProject section */

/* Begin PBXResourcesBuildPhase section */
		0ADE394E2C136A700045ACFF /* Resources */ = {
			isa = PBXResourcesBuildPhase;
			buildActionMask = 2147483647;
			files = (
				0ADE395B2C136A720045ACFF /* Preview Assets.xcassets in Resources */,
				0ADE39582C136A720045ACFF /* Assets.xcassets in Resources */,
			);
			runOnlyForDeploymentPostprocessing = 0;
		};
/* End PBXResourcesBuildPhase section */

/* Begin PBXSourcesBuildPhase section */
		0ADE394C2C136A700045ACFF /* Sources */ = {
			isa = PBXSourcesBuildPhase;
			buildActionMask = 2147483647;
			files = (
				0ADE39602C136A720045ACFF /* CoreData.xcdatamodeld in Sources */,
				0ADE39672C136DA40045ACFF /* ChickenNames.swift in Sources */,
				0ADE395D2C136A720045ACFF /* Persistence.swift in Sources */,
				0ADE39562C136A700045ACFF /* ContentView.swift in Sources */,
				0ADE39542C136A700045ACFF /* ST18CoreDataDebugDebuggingCoreDataApp.swift in Sources */,
			);
			runOnlyForDeploymentPostprocessing = 0;
		};
/* End PBXSourcesBuildPhase section */

/* Begin XCBuildConfiguration section */
		0ADE39612C136A720045ACFF /* Debug */ = {
			isa = XCBuildConfiguration;
			buildSettings = {
				ALWAYS_SEARCH_USER_PATHS = NO;
				ASSETCATALOG_COMPILER_GENERATE_SWIFT_ASSET_SYMBOL_EXTENSIONS = YES;
				CLANG_ANALYZER_NONNULL = YES;
				CLANG_ANALYZER_NUMBER_OBJECT_CONVERSION = YES_AGGRESSIVE;
				CLANG_CXX_LANGUAGE_STANDARD = "gnu++20";
				CLANG_ENABLE_MODULES = YES;
				CLANG_ENABLE_OBJC_ARC = YES;
				CLANG_ENABLE_OBJC_WEAK = YES;
				CLANG_WARN_BLOCK_CAPTURE_AUTORELEASING = YES;
				CLANG_WARN_BOOL_CONVERSION = YES;
				CLANG_WARN_COMMA = YES;
				CLANG_WARN_CONSTANT_CONVERSION = YES;
				CLANG_WARN_DEPRECATED_OBJC_IMPLEMENTATIONS = YES;
				CLANG_WARN_DIRECT_OBJC_ISA_USAGE = YES_ERROR;
				CLANG_WARN_DOCUMENTATION_COMMENTS = YES;
				CLANG_WARN_EMPTY_BODY = YES;
				CLANG_WARN_ENUM_CONVERSION = YES;
				CLANG_WARN_INFINITE_RECURSION = YES;
				CLANG_WARN_INT_CONVERSION = YES;
				CLANG_WARN_NON_LITERAL_NULL_CONVERSION = YES;
				CLANG_WARN_OBJC_IMPLICIT_RETAIN_SELF = YES;
				CLANG_WARN_OBJC_LITERAL_CONVERSION = YES;
				CLANG_WARN_OBJC_ROOT_CLASS = YES_ERROR;
				CLANG_WARN_QUOTED_INCLUDE_IN_FRAMEWORK_HEADER = YES;
				CLANG_WARN_RANGE_LOOP_ANALYSIS = YES;
				CLANG_WARN_STRICT_PROTOTYPES = YES;
				CLANG_WARN_SUSPICIOUS_MOVE = YES;
				CLANG_WARN_UNGUARDED_AVAILABILITY = YES_AGGRESSIVE;
				CLANG_WARN_UNREACHABLE_CODE = YES;
				CLANG_WARN__DUPLICATE_METHOD_MATCH = YES;
				COPY_PHASE_STRIP = NO;
				DEBUG_INFORMATION_FORMAT = dwarf;
				ENABLE_STRICT_OBJC_MSGSEND = YES;
				ENABLE_TESTABILITY = YES;
				ENABLE_USER_SCRIPT_SANDBOXING = YES;
				GCC_C_LANGUAGE_STANDARD = gnu17;
				GCC_DYNAMIC_NO_PIC = NO;
				GCC_NO_COMMON_BLOCKS = YES;
				GCC_OPTIMIZATION_LEVEL = 0;
				GCC_PREPROCESSOR_DEFINITIONS = (
					"DEBUG=1",
					"$(inherited)",
				);
				GCC_WARN_64_TO_32_BIT_CONVERSION = YES;
				GCC_WARN_ABOUT_RETURN_TYPE = YES_ERROR;
				GCC_WARN_UNDECLARED_SELECTOR = YES;
				GCC_WARN_UNINITIALIZED_AUTOS = YES_AGGRESSIVE;
				GCC_WARN_UNUSED_FUNCTION = YES;
				GCC_WARN_UNUSED_VARIABLE = YES;
				IPHONEOS_DEPLOYMENT_TARGET = 17.5;
				LOCALIZATION_PREFERS_STRING_CATALOGS = YES;
				MTL_ENABLE_DEBUG_INFO = INCLUDE_SOURCE;
				MTL_FAST_MATH = YES;
				ONLY_ACTIVE_ARCH = YES;
				SDKROOT = iphoneos;
				SWIFT_ACTIVE_COMPILATION_CONDITIONS = "DEBUG $(inherited)";
				SWIFT_OPTIMIZATION_LEVEL = "-Onone";
			};
			name = Debug;
		};
		0ADE39622C136A720045ACFF /* Release */ = {
			isa = XCBuildConfiguration;
			buildSettings = {
				ALWAYS_SEARCH_USER_PATHS = NO;
				ASSETCATALOG_COMPILER_GENERATE_SWIFT_ASSET_SYMBOL_EXTENSIONS = YES;
				CLANG_ANALYZER_NONNULL = YES;
				CLANG_ANALYZER_NUMBER_OBJECT_CONVERSION = YES_AGGRESSIVE;
				CLANG_CXX_LANGUAGE_STANDARD = "gnu++20";
				CLANG_ENABLE_MODULES = YES;
				CLANG_ENABLE_OBJC_ARC = YES;
				CLANG_ENABLE_OBJC_WEAK = YES;
				CLANG_WARN_BLOCK_CAPTURE_AUTORELEASING = YES;
				CLANG_WARN_BOOL_CONVERSION = YES;
				CLANG_WARN_COMMA = YES;
				CLANG_WARN_CONSTANT_CONVERSION = YES;
				CLANG_WARN_DEPRECATED_OBJC_IMPLEMENTATIONS = YES;
				CLANG_WARN_DIRECT_OBJC_ISA_USAGE = YES_ERROR;
				CLANG_WARN_DOCUMENTATION_COMMENTS = YES;
				CLANG_WARN_EMPTY_BODY = YES;
				CLANG_WARN_ENUM_CONVERSION = YES;
				CLANG_WARN_INFINITE_RECURSION = YES;
				CLANG_WARN_INT_CONVERSION = YES;
				CLANG_WARN_NON_LITERAL_NULL_CONVERSION = YES;
				CLANG_WARN_OBJC_IMPLICIT_RETAIN_SELF = YES;
				CLANG_WARN_OBJC_LITERAL_CONVERSION = YES;
				CLANG_WARN_OBJC_ROOT_CLASS = YES_ERROR;
				CLANG_WARN_QUOTED_INCLUDE_IN_FRAMEWORK_HEADER = YES;
				CLANG_WARN_RANGE_LOOP_ANALYSIS = YES;
				CLANG_WARN_STRICT_PROTOTYPES = YES;
				CLANG_WARN_SUSPICIOUS_MOVE = YES;
				CLANG_WARN_UNGUARDED_AVAILABILITY = YES_AGGRESSIVE;
				CLANG_WARN_UNREACHABLE_CODE = YES;
				CLANG_WARN__DUPLICATE_METHOD_MATCH = YES;
				COPY_PHASE_STRIP = NO;
				DEBUG_INFORMATION_FORMAT = "dwarf-with-dsym";
				ENABLE_NS_ASSERTIONS = NO;
				ENABLE_STRICT_OBJC_MSGSEND = YES;
				ENABLE_USER_SCRIPT_SANDBOXING = YES;
				GCC_C_LANGUAGE_STANDARD = gnu17;
				GCC_NO_COMMON_BLOCKS = YES;
				GCC_WARN_64_TO_32_BIT_CONVERSION = YES;
				GCC_WARN_ABOUT_RETURN_TYPE = YES_ERROR;
				GCC_WARN_UNDECLARED_SELECTOR = YES;
				GCC_WARN_UNINITIALIZED_AUTOS = YES_AGGRESSIVE;
				GCC_WARN_UNUSED_FUNCTION = YES;
				GCC_WARN_UNUSED_VARIABLE = YES;
				IPHONEOS_DEPLOYMENT_TARGET = 17.5;
				LOCALIZATION_PREFERS_STRING_CATALOGS = YES;
				MTL_ENABLE_DEBUG_INFO = NO;
				MTL_FAST_MATH = YES;
				SDKROOT = iphoneos;
				SWIFT_COMPILATION_MODE = wholemodule;
				VALIDATE_PRODUCT = YES;
			};
			name = Release;
		};
		0ADE39642C136A720045ACFF /* Debug */ = {
			isa = XCBuildConfiguration;
			buildSettings = {
				ASSETCATALOG_COMPILER_APPICON_NAME = AppIcon;
				ASSETCATALOG_COMPILER_GLOBAL_ACCENT_COLOR_NAME = AccentColor;
				CODE_SIGN_STYLE = Automatic;
				CURRENT_PROJECT_VERSION = 1;
				DEVELOPMENT_ASSET_PATHS = "\"ST18 - 'CoreData Debug' - Debugging, CoreData/Preview Content\"";
				ENABLE_PREVIEWS = YES;
				GENERATE_INFOPLIST_FILE = YES;
				INFOPLIST_KEY_UIApplicationSceneManifest_Generation = YES;
				INFOPLIST_KEY_UIApplicationSupportsIndirectInputEvents = YES;
				INFOPLIST_KEY_UILaunchScreen_Generation = YES;
				INFOPLIST_KEY_UISupportedInterfaceOrientations_iPad = "UIInterfaceOrientationPortrait UIInterfaceOrientationPortraitUpsideDown UIInterfaceOrientationLandscapeLeft UIInterfaceOrientationLandscapeRight";
				INFOPLIST_KEY_UISupportedInterfaceOrientations_iPhone = "UIInterfaceOrientationPortrait UIInterfaceOrientationLandscapeLeft UIInterfaceOrientationLandscapeRight";
				LD_RUNPATH_SEARCH_PATHS = (
					"$(inherited)",
					"@executable_path/Frameworks",
				);
				MARKETING_VERSION = 1.0;
				PRODUCT_BUNDLE_IDENTIFIER = "mtecexampleproj.ST18----CoreData-Debug----Debugging--CoreData";
				PRODUCT_NAME = "$(TARGET_NAME)";
				SWIFT_EMIT_LOC_STRINGS = YES;
				SWIFT_VERSION = 5.0;
				TARGETED_DEVICE_FAMILY = "1,2";
			};
			name = Debug;
		};
		0ADE39652C136A720045ACFF /* Release */ = {
			isa = XCBuildConfiguration;
			buildSettings = {
				ASSETCATALOG_COMPILER_APPICON_NAME = AppIcon;
				ASSETCATALOG_COMPILER_GLOBAL_ACCENT_COLOR_NAME = AccentColor;
				CODE_SIGN_STYLE = Automatic;
				CURRENT_PROJECT_VERSION = 1;
				DEVELOPMENT_ASSET_PATHS = "\"ST18 - 'CoreData Debug' - Debugging, CoreData/Preview Content\"";
				ENABLE_PREVIEWS = YES;
				GENERATE_INFOPLIST_FILE = YES;
				INFOPLIST_KEY_UIApplicationSceneManifest_Generation = YES;
				INFOPLIST_KEY_UIApplicationSupportsIndirectInputEvents = YES;
				INFOPLIST_KEY_UILaunchScreen_Generation = YES;
				INFOPLIST_KEY_UISupportedInterfaceOrientations_iPad = "UIInterfaceOrientationPortrait UIInterfaceOrientationPortraitUpsideDown UIInterfaceOrientationLandscapeLeft UIInterfaceOrientationLandscapeRight";
				INFOPLIST_KEY_UISupportedInterfaceOrientations_iPhone = "UIInterfaceOrientationPortrait UIInterfaceOrientationLandscapeLeft UIInterfaceOrientationLandscapeRight";
				LD_RUNPATH_SEARCH_PATHS = (
					"$(inherited)",
					"@executable_path/Frameworks",
				);
				MARKETING_VERSION = 1.0;
				PRODUCT_BUNDLE_IDENTIFIER = "mtecexampleproj.ST18----CoreData-Debug----Debugging--CoreData";
				PRODUCT_NAME = "$(TARGET_NAME)";
				SWIFT_EMIT_LOC_STRINGS = YES;
				SWIFT_VERSION = 5.0;
				TARGETED_DEVICE_FAMILY = "1,2";
			};
			name = Release;
		};
/* End XCBuildConfiguration section */

/* Begin XCConfigurationList section */
		0ADE394B2C136A700045ACFF /* Build configuration list for PBXProject "ST18 - 'CoreData Debug' - Debugging, CoreData" */ = {
			isa = XCConfigurationList;
			buildConfigurations = (
				0ADE39612C136A720045ACFF /* Debug */,
				0ADE39622C136A720045ACFF /* Release */,
			);
			defaultConfigurationIsVisible = 0;
			defaultConfigurationName = Release;
		};
		0ADE39632C136A720045ACFF /* Build configuration list for PBXNativeTarget "ST18 - 'CoreData Debug' - Debugging, CoreData" */ = {
			isa = XCConfigurationList;
			buildConfigurations = (
				0ADE39642C136A720045ACFF /* Debug */,
				0ADE39652C136A720045ACFF /* Release */,
			);
			defaultConfigurationIsVisible = 0;
			defaultConfigurationName = Release;
		};
/* End XCConfigurationList section */

/* Begin XCVersionGroup section */
		0ADE395E2C136A720045ACFF /* CoreData.xcdatamodeld */ = {
			isa = XCVersionGroup;
			children = (
				0ADE395F2C136A720045ACFF /* ST18____CoreData_Debug____Debugging__CoreData.xcdatamodel */,
			);
			currentVersion = 0ADE395F2C136A720045ACFF /* ST18____CoreData_Debug____Debugging__CoreData.xcdatamodel */;
			path = CoreData.xcdatamodeld;
			sourceTree = "<group>";
			versionGroupType = wrapper.xcdatamodel;
		};
/* End XCVersionGroup section */
	};
	rootObject = 0ADE39482C136A700045ACFF /* Project object */;
}
